// !$*UTF8*$!
{
	archiveVersion = 1;
	classes = {
	};
	objectVersion = 56;
	objects = {

		BF59D97F2BD2E2BB0078BCC0 /* Product.swift in Sources */ = {isa = PBXBuildFile; fileRef = BF59D97E2BD2E2BB0078BCC0 /* Product.swift */; };
		BF59D9812BD2E2DE0078BCC0 /* Rating.swift in Sources */ = {isa = PBXBuildFile; fileRef = BF59D9802BD2E2DE0078BCC0 /* Rating.swift */; };
		BF59D9842BD2E34F0078BCC0 /* APIService.swift in Sources */ = {isa = PBXBuildFile; fileRef = BF59D9832BD2E34F0078BCC0 /* APIService.swift */; };
		BF59D9892BD309DE0078BCC0 /* ProductsViewModel.swift in Sources */ = {isa = PBXBuildFile; fileRef = BF59D9882BD309DE0078BCC0 /* ProductsViewModel.swift */; };
		BF85795E2BD494A400A8781E /* ProductDetailViewModel.swift in Sources */ = {isa = PBXBuildFile; fileRef = BF85795D2BD494A400A8781E /* ProductDetailViewModel.swift */; };
		BF8579602BD5571B00A8781E /* CategoriesViewModel.swift in Sources */ = {isa = PBXBuildFile; fileRef = BF85795F2BD5571B00A8781E /* CategoriesViewModel.swift */; };
		BF8579622BD5634E00A8781E /* Cart.swift in Sources */ = {isa = PBXBuildFile; fileRef = BF8579612BD5634E00A8781E /* Cart.swift */; };
		BFB294652BD69AD400DAAFA1 /* MockURLProtocol.swift in Sources */ = {isa = PBXBuildFile; fileRef = BFB294632BD69ABC00DAAFA1 /* MockURLProtocol.swift */; };

/* Begin PBXContainerItemProxy section */
		BF0DB8E52BD5E3AC00778B22 /* PBXContainerItemProxy */ = {
			isa = PBXContainerItemProxy;
			containerPortal = BF15F0172BD2E0F3001E0DA2 /* Project object */;
			proxyType = 1;
			remoteGlobalIDString = BF15F01E2BD2E0F3001E0DA2;
			remoteInfo = WMStore;
		};
/* End PBXContainerItemProxy section */

		BF59D97E2BD2E2BB0078BCC0 /* Product.swift */ = {isa = PBXFileReference; lastKnownFileType = sourcecode.swift; path = Product.swift; sourceTree = "<group>"; };
		BF59D9802BD2E2DE0078BCC0 /* Rating.swift */ = {isa = PBXFileReference; lastKnownFileType = sourcecode.swift; path = Rating.swift; sourceTree = "<group>"; };
		BF59D9832BD2E34F0078BCC0 /* APIService.swift */ = {isa = PBXFileReference; lastKnownFileType = sourcecode.swift; path = APIService.swift; sourceTree = "<group>"; };
		BF59D9882BD309DE0078BCC0 /* ProductsViewModel.swift */ = {isa = PBXFileReference; lastKnownFileType = sourcecode.swift; path = ProductsViewModel.swift; sourceTree = "<group>"; };
		BF85795D2BD494A400A8781E /* ProductDetailViewModel.swift */ = {isa = PBXFileReference; lastKnownFileType = sourcecode.swift; path = ProductDetailViewModel.swift; sourceTree = "<group>"; };
		BF85795F2BD5571B00A8781E /* CategoriesViewModel.swift */ = {isa = PBXFileReference; lastKnownFileType = sourcecode.swift; path = CategoriesViewModel.swift; sourceTree = "<group>"; };
		BF8579612BD5634E00A8781E /* Cart.swift */ = {isa = PBXFileReference; lastKnownFileType = sourcecode.swift; path = Cart.swift; sourceTree = "<group>"; };
		BFB294632BD69ABC00DAAFA1 /* MockURLProtocol.swift */ = {isa = PBXFileReference; lastKnownFileType = sourcecode.swift; path = MockURLProtocol.swift; sourceTree = "<group>"; };

/* Begin PBXFrameworksBuildPhase section */
		BF0DB8DE2BD5E3AC00778B22 /* Frameworks */ = {
			isa = PBXFrameworksBuildPhase;
			buildActionMask = 2147483647;
			files = (
			);
			runOnlyForDeploymentPostprocessing = 0;
		};
		BF15F01C2BD2E0F3001E0DA2 /* Frameworks */ = {
			isa = PBXFrameworksBuildPhase;
			buildActionMask = 2147483647;
			files = (
			);
			runOnlyForDeploymentPostprocessing = 0;
		};
/* End PBXFrameworksBuildPhase section */

/* Begin PBXGroup section */
		BF0DB8E22BD5E3AC00778B22 /* WMStoreTests */ = {
			isa = PBXGroup;
			children = (
				BF376BEC2BD5D01D00696B04 /* Services */,
				BF0DB8E32BD5E3AC00778B22 /* WMStoreTests.swift */,
			);
			path = WMStoreTests;
			sourceTree = "<group>";
		};
		BF15F0162BD2E0F3001E0DA2 = {
			isa = PBXGroup;
			children = (
				BF15F0212BD2E0F3001E0DA2 /* WMStore */,
				BF0DB8E22BD5E3AC00778B22 /* WMStoreTests */,
				BF15F0202BD2E0F3001E0DA2 /* Products */,
			);
			sourceTree = "<group>";
		};
		BF15F0202BD2E0F3001E0DA2 /* Products */ = {
			isa = PBXGroup;
			children = (
				BF15F01F2BD2E0F3001E0DA2 /* WMStore.app */,
				BF0DB8E12BD5E3AC00778B22 /* WMStoreTests.xctest */,
			);
			name = Products;
			sourceTree = "<group>";
		};
		BF15F0212BD2E0F3001E0DA2 /* WMStore */ = {
			isa = PBXGroup;
			children = (
				BF15F0262BD2E0F5001E0DA2 /* Assets.xcassets */,
				BF59D97D2BD2E18E0078BCC0 /* Model */,
				BF15F0282BD2E0F5001E0DA2 /* Preview Content */,
				BF15F0222BD2E0F3001E0DA2 /* WMStoreApp.swift */,
			);
			path = WMStore;
			sourceTree = "<group>";
		};
		BF15F0282BD2E0F5001E0DA2 /* Preview Content */ = {
			isa = PBXGroup;
			children = (
				BF15F0292BD2E0F5001E0DA2 /* Preview Assets.xcassets */,
			);
			path = "Preview Content";
			sourceTree = "<group>";
		};
		BF59D97D2BD2E18E0078BCC0 /* Model */ = {
			isa = PBXGroup;
			children = (
				BF59D97E2BD2E2BB0078BCC0 /* Product.swift */,
				BF59D9802BD2E2DE0078BCC0 /* Rating.swift */,
				BF8579612BD5634E00A8781E /* Cart.swift */,
			);
			path = Model;
			sourceTree = "<group>";
		};
		BF59D9822BD2E3310078BCC0 /* Services */ = {
			isa = PBXGroup;
			children = (
				BF59D9832BD2E34F0078BCC0 /* APIService.swift */,
			);
			path = Services;
			sourceTree = "<group>";
		};
		BF59D9872BD3098B0078BCC0 /* ViewModel */ = {
			isa = PBXGroup;
			children = (
				BF59D9882BD309DE0078BCC0 /* ProductsViewModel.swift */,
				BF85795D2BD494A400A8781E /* ProductDetailViewModel.swift */,
				BF85795F2BD5571B00A8781E /* CategoriesViewModel.swift */,
			);
			path = ViewModel;
			sourceTree = "<group>";
		};
/* End PBXGroup section */

/* Begin PBXNativeTarget section */
		BF0DB8E02BD5E3AC00778B22 /* WMStoreTests */ = {
			isa = PBXNativeTarget;
			buildConfigurationList = BF0DB8E92BD5E3AC00778B22 /* Build configuration list for PBXNativeTarget "WMStoreTests" */;
			buildPhases = (
				BF0DB8DD2BD5E3AC00778B22 /* Sources */,
				BF0DB8DE2BD5E3AC00778B22 /* Frameworks */,
				BF0DB8DF2BD5E3AC00778B22 /* Resources */,
			);
			buildRules = (
			);
			dependencies = (
				BF0DB8E62BD5E3AC00778B22 /* PBXTargetDependency */,
			);
			name = WMStoreTests;
			productName = WMStoreTests2;
			productReference = BF0DB8E12BD5E3AC00778B22 /* WMStoreTests.xctest */;
			productType = "com.apple.product-type.bundle.unit-test";
		};
		BF15F01E2BD2E0F3001E0DA2 /* WMStore */ = {
			isa = PBXNativeTarget;
			buildConfigurationList = BF15F0432BD2E0F5001E0DA2 /* Build configuration list for PBXNativeTarget "WMStore" */;
			buildPhases = (
				BF15F01B2BD2E0F3001E0DA2 /* Sources */,
				BF15F01C2BD2E0F3001E0DA2 /* Frameworks */,
				BF15F01D2BD2E0F3001E0DA2 /* Resources */,
			);
			buildRules = (
			);
			dependencies = (
			);
			name = WMStore;
			productName = WMStore;
			productReference = BF15F01F2BD2E0F3001E0DA2 /* WMStore.app */;
			productType = "com.apple.product-type.application";
		};
/* End PBXNativeTarget section */

/* Begin PBXProject section */
		BF15F0172BD2E0F3001E0DA2 /* Project object */ = {
			isa = PBXProject;
			attributes = {
				BuildIndependentTargetsInParallel = 1;
				LastSwiftUpdateCheck = 1500;
				LastUpgradeCheck = 1500;
				TargetAttributes = {
					BF0DB8E02BD5E3AC00778B22 = {
						CreatedOnToolsVersion = 15.0;
						TestTargetID = BF15F01E2BD2E0F3001E0DA2;
					};
					BF15F01E2BD2E0F3001E0DA2 = {
						CreatedOnToolsVersion = 15.0;
					};
				};
			};
			buildConfigurationList = BF15F01A2BD2E0F3001E0DA2 /* Build configuration list for PBXProject "WMStore" */;
			compatibilityVersion = "Xcode 14.0";
			developmentRegion = en;
			hasScannedForEncodings = 0;
			knownRegions = (
				en,
				Base,
			);
			mainGroup = BF15F0162BD2E0F3001E0DA2;
			productRefGroup = BF15F0202BD2E0F3001E0DA2 /* Products */;
			projectDirPath = "";
			projectRoot = "";
			targets = (
			);
		};
/* End PBXProject section */

/* Begin PBXResourcesBuildPhase section */
		BF0DB8DF2BD5E3AC00778B22 /* Resources */ = {
			isa = PBXResourcesBuildPhase;
			buildActionMask = 2147483647;
			files = (
			);
			runOnlyForDeploymentPostprocessing = 0;
		};
		BF15F01D2BD2E0F3001E0DA2 /* Resources */ = {
			isa = PBXResourcesBuildPhase;
			buildActionMask = 2147483647;
			files = (
				BF15F02A2BD2E0F5001E0DA2 /* Preview Assets.xcassets in Resources */,
				BF15F0272BD2E0F5001E0DA2 /* Assets.xcassets in Resources */,
			);
			runOnlyForDeploymentPostprocessing = 0;
		};
/* End PBXResourcesBuildPhase section */

/* Begin PBXSourcesBuildPhase section */
		BF0DB8DD2BD5E3AC00778B22 /* Sources */ = {
			isa = PBXSourcesBuildPhase;
			buildActionMask = 2147483647;
			files = (
			);
			runOnlyForDeploymentPostprocessing = 0;
		};
		BF15F01B2BD2E0F3001E0DA2 /* Sources */ = {
			isa = PBXSourcesBuildPhase;
			buildActionMask = 2147483647;
			files = (
				BF59D9812BD2E2DE0078BCC0 /* Rating.swift in Sources */,
				BF8579622BD5634E00A8781E /* Cart.swift in Sources */,
				BF59D9892BD309DE0078BCC0 /* ProductsViewModel.swift in Sources */,
				BF8579602BD5571B00A8781E /* CategoriesViewModel.swift in Sources */,
				BF59D97F2BD2E2BB0078BCC0 /* Product.swift in Sources */,
				BF59D9842BD2E34F0078BCC0 /* APIService.swift in Sources */,
				BF85795E2BD494A400A8781E /* ProductDetailViewModel.swift in Sources */,
			);
			runOnlyForDeploymentPostprocessing = 0;
		};
/* End PBXSourcesBuildPhase section */

/* Begin PBXTargetDependency section */
		BF0DB8E62BD5E3AC00778B22 /* PBXTargetDependency */ = {
			isa = PBXTargetDependency;
			target = BF15F01E2BD2E0F3001E0DA2 /* WMStore */;
			targetProxy = BF0DB8E52BD5E3AC00778B22 /* PBXContainerItemProxy */;
		};
/* End PBXTargetDependency section */

/* Begin XCBuildConfiguration section */
		BF0DB8E72BD5E3AC00778B22 /* Debug */ = {
			isa = XCBuildConfiguration;
			buildSettings = {
				BUNDLE_LOADER = "$(TEST_HOST)";
				CODE_SIGN_STYLE = Automatic;
				CURRENT_PROJECT_VERSION = 1;
				DEVELOPMENT_TEAM = C72ELCW5WS;
				GENERATE_INFOPLIST_FILE = YES;
				MARKETING_VERSION = 1.0;
				PRODUCT_BUNDLE_IDENTIFIER = com.diegosepulveda.WMStoreTests2;
				PRODUCT_NAME = "$(TARGET_NAME)";
				SUPPORTED_PLATFORMS = "iphoneos iphonesimulator";
				SUPPORTS_MACCATALYST = NO;
				SUPPORTS_MAC_DESIGNED_FOR_IPHONE_IPAD = NO;
				SWIFT_EMIT_LOC_STRINGS = NO;
				SWIFT_VERSION = 5.0;
				TARGETED_DEVICE_FAMILY = 1;
				TEST_HOST = "$(BUILT_PRODUCTS_DIR)/WMStore.app/$(BUNDLE_EXECUTABLE_FOLDER_PATH)/WMStore";
			};
			name = Debug;
		};
		BF0DB8E82BD5E3AC00778B22 /* Release */ = {
			isa = XCBuildConfiguration;
			buildSettings = {
				BUNDLE_LOADER = "$(TEST_HOST)";
				CODE_SIGN_STYLE = Automatic;
				CURRENT_PROJECT_VERSION = 1;
				DEVELOPMENT_TEAM = C72ELCW5WS;
				GENERATE_INFOPLIST_FILE = YES;
				MARKETING_VERSION = 1.0;
				PRODUCT_BUNDLE_IDENTIFIER = com.diegosepulveda.WMStoreTests2;
				PRODUCT_NAME = "$(TARGET_NAME)";
				SUPPORTED_PLATFORMS = "iphoneos iphonesimulator";
				SUPPORTS_MACCATALYST = NO;
				SUPPORTS_MAC_DESIGNED_FOR_IPHONE_IPAD = NO;
				SWIFT_EMIT_LOC_STRINGS = NO;
				SWIFT_VERSION = 5.0;
				TARGETED_DEVICE_FAMILY = 1;
				TEST_HOST = "$(BUILT_PRODUCTS_DIR)/WMStore.app/$(BUNDLE_EXECUTABLE_FOLDER_PATH)/WMStore";
			};
			name = Release;
		};
		BF15F0412BD2E0F5001E0DA2 /* Debug */ = {
			isa = XCBuildConfiguration;
			buildSettings = {
				ALWAYS_SEARCH_USER_PATHS = NO;
				ASSETCATALOG_COMPILER_GENERATE_SWIFT_ASSET_SYMBOL_EXTENSIONS = YES;
				CLANG_ANALYZER_NONNULL = YES;
				CLANG_ANALYZER_NUMBER_OBJECT_CONVERSION = YES_AGGRESSIVE;
				CLANG_CXX_LANGUAGE_STANDARD = "gnu++20";
				CLANG_ENABLE_MODULES = YES;
				CLANG_ENABLE_OBJC_ARC = YES;
				CLANG_ENABLE_OBJC_WEAK = YES;
				CLANG_WARN_BLOCK_CAPTURE_AUTORELEASING = YES;
				CLANG_WARN_BOOL_CONVERSION = YES;
				CLANG_WARN_COMMA = YES;
				CLANG_WARN_CONSTANT_CONVERSION = YES;
				CLANG_WARN_DEPRECATED_OBJC_IMPLEMENTATIONS = YES;
				CLANG_WARN_DIRECT_OBJC_ISA_USAGE = YES_ERROR;
				CLANG_WARN_DOCUMENTATION_COMMENTS = YES;
				CLANG_WARN_EMPTY_BODY = YES;
				CLANG_WARN_ENUM_CONVERSION = YES;
				CLANG_WARN_INFINITE_RECURSION = YES;
				CLANG_WARN_INT_CONVERSION = YES;
				CLANG_WARN_NON_LITERAL_NULL_CONVERSION = YES;
				CLANG_WARN_OBJC_IMPLICIT_RETAIN_SELF = YES;
				CLANG_WARN_OBJC_LITERAL_CONVERSION = YES;
				CLANG_WARN_OBJC_ROOT_CLASS = YES_ERROR;
				CLANG_WARN_QUOTED_INCLUDE_IN_FRAMEWORK_HEADER = YES;
				CLANG_WARN_RANGE_LOOP_ANALYSIS = YES;
				CLANG_WARN_STRICT_PROTOTYPES = YES;
				CLANG_WARN_SUSPICIOUS_MOVE = YES;
				CLANG_WARN_UNGUARDED_AVAILABILITY = YES_AGGRESSIVE;
				CLANG_WARN_UNREACHABLE_CODE = YES;
				CLANG_WARN__DUPLICATE_METHOD_MATCH = YES;
				COPY_PHASE_STRIP = NO;
				DEBUG_INFORMATION_FORMAT = dwarf;
				ENABLE_STRICT_OBJC_MSGSEND = YES;
				ENABLE_TESTABILITY = YES;
				ENABLE_USER_SCRIPT_SANDBOXING = YES;
				GCC_C_LANGUAGE_STANDARD = gnu17;
				GCC_DYNAMIC_NO_PIC = NO;
				GCC_NO_COMMON_BLOCKS = YES;
				GCC_OPTIMIZATION_LEVEL = 0;
				GCC_PREPROCESSOR_DEFINITIONS = (
					"DEBUG=1",
					"$(inherited)",
				);
				GCC_WARN_64_TO_32_BIT_CONVERSION = YES;
				GCC_WARN_ABOUT_RETURN_TYPE = YES_ERROR;
				GCC_WARN_UNDECLARED_SELECTOR = YES;
				GCC_WARN_UNINITIALIZED_AUTOS = YES_AGGRESSIVE;
				GCC_WARN_UNUSED_FUNCTION = YES;
				GCC_WARN_UNUSED_VARIABLE = YES;
				IPHONEOS_DEPLOYMENT_TARGET = 17.0;
				LOCALIZATION_PREFERS_STRING_CATALOGS = YES;
				MTL_ENABLE_DEBUG_INFO = INCLUDE_SOURCE;
				MTL_FAST_MATH = YES;
				ONLY_ACTIVE_ARCH = YES;
				SDKROOT = iphoneos;
				SWIFT_ACTIVE_COMPILATION_CONDITIONS = "DEBUG $(inherited)";
				SWIFT_OPTIMIZATION_LEVEL = "-Onone";
			};
			name = Debug;
		};
		BF15F0422BD2E0F5001E0DA2 /* Release */ = {
			isa = XCBuildConfiguration;
			buildSettings = {
				ALWAYS_SEARCH_USER_PATHS = NO;
				ASSETCATALOG_COMPILER_GENERATE_SWIFT_ASSET_SYMBOL_EXTENSIONS = YES;
				CLANG_ANALYZER_NONNULL = YES;
				CLANG_ANALYZER_NUMBER_OBJECT_CONVERSION = YES_AGGRESSIVE;
				CLANG_CXX_LANGUAGE_STANDARD = "gnu++20";
				CLANG_ENABLE_MODULES = YES;
				CLANG_ENABLE_OBJC_ARC = YES;
				CLANG_ENABLE_OBJC_WEAK = YES;
				CLANG_WARN_BLOCK_CAPTURE_AUTORELEASING = YES;
				CLANG_WARN_BOOL_CONVERSION = YES;
				CLANG_WARN_COMMA = YES;
				CLANG_WARN_CONSTANT_CONVERSION = YES;
				CLANG_WARN_DEPRECATED_OBJC_IMPLEMENTATIONS = YES;
				CLANG_WARN_DIRECT_OBJC_ISA_USAGE = YES_ERROR;
				CLANG_WARN_DOCUMENTATION_COMMENTS = YES;
				CLANG_WARN_EMPTY_BODY = YES;
				CLANG_WARN_ENUM_CONVERSION = YES;
				CLANG_WARN_INFINITE_RECURSION = YES;
				CLANG_WARN_INT_CONVERSION = YES;
				CLANG_WARN_NON_LITERAL_NULL_CONVERSION = YES;
				CLANG_WARN_OBJC_IMPLICIT_RETAIN_SELF = YES;
				CLANG_WARN_OBJC_LITERAL_CONVERSION = YES;
				CLANG_WARN_OBJC_ROOT_CLASS = YES_ERROR;
				CLANG_WARN_QUOTED_INCLUDE_IN_FRAMEWORK_HEADER = YES;
				CLANG_WARN_RANGE_LOOP_ANALYSIS = YES;
				CLANG_WARN_STRICT_PROTOTYPES = YES;
				CLANG_WARN_SUSPICIOUS_MOVE = YES;
				CLANG_WARN_UNGUARDED_AVAILABILITY = YES_AGGRESSIVE;
				CLANG_WARN_UNREACHABLE_CODE = YES;
				CLANG_WARN__DUPLICATE_METHOD_MATCH = YES;
				COPY_PHASE_STRIP = NO;
				DEBUG_INFORMATION_FORMAT = "dwarf-with-dsym";
				ENABLE_NS_ASSERTIONS = NO;
				ENABLE_STRICT_OBJC_MSGSEND = YES;
				ENABLE_USER_SCRIPT_SANDBOXING = YES;
				GCC_C_LANGUAGE_STANDARD = gnu17;
				GCC_NO_COMMON_BLOCKS = YES;
				GCC_WARN_64_TO_32_BIT_CONVERSION = YES;
				GCC_WARN_ABOUT_RETURN_TYPE = YES_ERROR;
				GCC_WARN_UNDECLARED_SELECTOR = YES;
				GCC_WARN_UNINITIALIZED_AUTOS = YES_AGGRESSIVE;
				GCC_WARN_UNUSED_FUNCTION = YES;
				GCC_WARN_UNUSED_VARIABLE = YES;
				IPHONEOS_DEPLOYMENT_TARGET = 17.0;
				LOCALIZATION_PREFERS_STRING_CATALOGS = YES;
				MTL_ENABLE_DEBUG_INFO = NO;
				MTL_FAST_MATH = YES;
				SDKROOT = iphoneos;
				SWIFT_COMPILATION_MODE = wholemodule;
				VALIDATE_PRODUCT = YES;
			};
			name = Release;
		};
		BF15F0442BD2E0F5001E0DA2 /* Debug */ = {
			isa = XCBuildConfiguration;
			buildSettings = {
				ASSETCATALOG_COMPILER_APPICON_NAME = AppIcon;
				ASSETCATALOG_COMPILER_GLOBAL_ACCENT_COLOR_NAME = AccentColor;
				CODE_SIGN_STYLE = Automatic;
				CURRENT_PROJECT_VERSION = 1;
				DEVELOPMENT_ASSET_PATHS = "\"WMStore/Preview Content\"";
				DEVELOPMENT_TEAM = C72ELCW5WS;
				ENABLE_PREVIEWS = YES;
				GENERATE_INFOPLIST_FILE = YES;
				INFOPLIST_KEY_UIApplicationSceneManifest_Generation = YES;
				INFOPLIST_KEY_UIApplicationSupportsIndirectInputEvents = YES;
				INFOPLIST_KEY_UILaunchScreen_Generation = YES;
				INFOPLIST_KEY_UISupportedInterfaceOrientations_iPad = "UIInterfaceOrientationPortrait UIInterfaceOrientationPortraitUpsideDown UIInterfaceOrientationLandscapeLeft UIInterfaceOrientationLandscapeRight";
				INFOPLIST_KEY_UISupportedInterfaceOrientations_iPhone = "UIInterfaceOrientationPortrait UIInterfaceOrientationLandscapeLeft UIInterfaceOrientationLandscapeRight";
				LD_RUNPATH_SEARCH_PATHS = (
					"$(inherited)",
					"@executable_path/Frameworks",
				);
				MARKETING_VERSION = 1.0;
				PRODUCT_BUNDLE_IDENTIFIER = com.diegosepulveda.WMStore;
				PRODUCT_NAME = "$(TARGET_NAME)";
				SUPPORTED_PLATFORMS = "iphoneos iphonesimulator";
				SUPPORTS_MACCATALYST = NO;
				SUPPORTS_MAC_DESIGNED_FOR_IPHONE_IPAD = NO;
				SWIFT_EMIT_LOC_STRINGS = YES;
				SWIFT_VERSION = 5.0;
				TARGETED_DEVICE_FAMILY = 1;
			};
			name = Debug;
		};
		BF15F0452BD2E0F5001E0DA2 /* Release */ = {
			isa = XCBuildConfiguration;
			buildSettings = {
				ASSETCATALOG_COMPILER_APPICON_NAME = AppIcon;
				ASSETCATALOG_COMPILER_GLOBAL_ACCENT_COLOR_NAME = AccentColor;
				CODE_SIGN_STYLE = Automatic;
				CURRENT_PROJECT_VERSION = 1;
				DEVELOPMENT_ASSET_PATHS = "\"WMStore/Preview Content\"";
				DEVELOPMENT_TEAM = C72ELCW5WS;
				ENABLE_PREVIEWS = YES;
				GENERATE_INFOPLIST_FILE = YES;
				INFOPLIST_KEY_UIApplicationSceneManifest_Generation = YES;
				INFOPLIST_KEY_UIApplicationSupportsIndirectInputEvents = YES;
				INFOPLIST_KEY_UILaunchScreen_Generation = YES;
				INFOPLIST_KEY_UISupportedInterfaceOrientations_iPad = "UIInterfaceOrientationPortrait UIInterfaceOrientationPortraitUpsideDown UIInterfaceOrientationLandscapeLeft UIInterfaceOrientationLandscapeRight";
				INFOPLIST_KEY_UISupportedInterfaceOrientations_iPhone = "UIInterfaceOrientationPortrait UIInterfaceOrientationLandscapeLeft UIInterfaceOrientationLandscapeRight";
				LD_RUNPATH_SEARCH_PATHS = (
					"$(inherited)",
					"@executable_path/Frameworks",
				);
				MARKETING_VERSION = 1.0;
				PRODUCT_BUNDLE_IDENTIFIER = com.diegosepulveda.WMStore;
				PRODUCT_NAME = "$(TARGET_NAME)";
				SUPPORTED_PLATFORMS = "iphoneos iphonesimulator";
				SUPPORTS_MACCATALYST = NO;
				SUPPORTS_MAC_DESIGNED_FOR_IPHONE_IPAD = NO;
				SWIFT_EMIT_LOC_STRINGS = YES;
				SWIFT_VERSION = 5.0;
				TARGETED_DEVICE_FAMILY = 1;
			};
			name = Release;
		};
/* End XCBuildConfiguration section */

/* Begin XCConfigurationList section */
		BF0DB8E92BD5E3AC00778B22 /* Build configuration list for PBXNativeTarget "WMStoreTests" */ = {
			isa = XCConfigurationList;
			buildConfigurations = (
				BF0DB8E72BD5E3AC00778B22 /* Debug */,
				BF0DB8E82BD5E3AC00778B22 /* Release */,
			);
			defaultConfigurationIsVisible = 0;
			defaultConfigurationName = Release;
		};
		BF15F01A2BD2E0F3001E0DA2 /* Build configuration list for PBXProject "WMStore" */ = {
			isa = XCConfigurationList;
			buildConfigurations = (
				BF15F0412BD2E0F5001E0DA2 /* Debug */,
				BF15F0422BD2E0F5001E0DA2 /* Release */,
			);
			defaultConfigurationIsVisible = 0;
			defaultConfigurationName = Release;
		};
		BF15F0432BD2E0F5001E0DA2 /* Build configuration list for PBXNativeTarget "WMStore" */ = {
			isa = XCConfigurationList;
			buildConfigurations = (
				BF15F0442BD2E0F5001E0DA2 /* Debug */,
				BF15F0452BD2E0F5001E0DA2 /* Release */,
			);
			defaultConfigurationIsVisible = 0;
			defaultConfigurationName = Release;
		};
/* End XCConfigurationList section */
	};
	rootObject = BF15F0172BD2E0F3001E0DA2 /* Project object */;
}
